
Microsoft Visual Studio Solution File, Format Version 12.00
# Visual Studio Version 17
VisualStudioVersion = 17.6.33801.468
MinimumVisualStudioVersion = 10.0.40219.1
Project("{FAE04EC0-301F-11D3-BF4B-00C04F79EFBC}") = "MoboShopv1", "MoboShopv1\MoboShopv1.csproj", "{384EAC3C-36A4-4ADD-AF74-80F30BCBACAB}"
EndProject
Project("{FAE04EC0-301F-11D3-BF4B-00C04F79EFBC}") = "MoboShopv1.Models", "MoboShopv1.Models\MoboShopv1.Models.csproj", "{DA6F922F-E579-432C-AC51-5A483CC3F3B0}"
EndProject
Project("{FAE04EC0-301F-11D3-BF4B-00C04F79EFBC}") = "MoboShopv1.Data", "MoboShopv1.Data\MoboShopv1.Data.csproj", "{68A8F2E4-6B2A-4680-A2BA-A83B7F5421D3}"
EndProject
Global
	GlobalSection(SolutionConfigurationPlatforms) = preSolution
		Debug|Any CPU = Debug|Any CPU
		Release|Any CPU = Release|Any CPU
	EndGlobalSection
	GlobalSection(ProjectConfigurationPlatforms) = postSolution
		{384EAC3C-36A4-4ADD-AF74-80F30BCBACAB}.Debug|Any CPU.ActiveCfg = Debug|Any CPU
		{384EAC3C-36A4-4ADD-AF74-80F30BCBACAB}.Debug|Any CPU.Build.0 = Debug|Any CPU
		{384EAC3C-36A4-4ADD-AF74-80F30BCBACAB}.Release|Any CPU.ActiveCfg = Release|Any CPU
		{384EAC3C-36A4-4ADD-AF74-80F30BCBACAB}.Release|Any CPU.Build.0 = Release|Any CPU
		{DA6F922F-E579-432C-AC51-5A483CC3F3B0}.Debug|Any CPU.ActiveCfg = Debug|Any CPU
		{DA6F922F-E579-432C-AC51-5A483CC3F3B0}.Debug|Any CPU.Build.0 = Debug|Any CPU
		{DA6F922F-E579-432C-AC51-5A483CC3F3B0}.Release|Any CPU.ActiveCfg = Release|Any CPU
		{DA6F922F-E579-432C-AC51-5A483CC3F3B0}.Release|Any CPU.Build.0 = Release|Any CPU
		{68A8F2E4-6B2A-4680-A2BA-A83B7F5421D3}.Debug|Any CPU.ActiveCfg = Debug|Any CPU
		{68A8F2E4-6B2A-4680-A2BA-A83B7F5421D3}.Debug|Any CPU.Build.0 = Debug|Any CPU
		{68A8F2E4-6B2A-4680-A2BA-A83B7F5421D3}.Release|Any CPU.ActiveCfg = Release|Any CPU
		{68A8F2E4-6B2A-4680-A2BA-A83B7F5421D3}.Release|Any CPU.Build.0 = Release|Any CPU
	EndGlobalSection
	GlobalSection(SolutionProperties) = preSolution
		HideSolutionNode = FALSE
	EndGlobalSection
	GlobalSection(ExtensibilityGlobals) = postSolution
		SolutionGuid = {035E2FF2-0C06-47E3-B746-D7622753EDBB}
	EndGlobalSection
EndGlobal
